Lr! D�CDD�R3�91!4�!!H,@�D@�-���yhrG����*^����)���r�舘������KޮȨ�}5��(�����i���z����j��(��r��?�yb�﬷)^���~,^����yb�﬷)^���~,^�����3�5{��oM��n���g�ko<�ͼ�ݛ���*^���u�ޮȨ��9޷��[�vm�����"���ɪ�H�o�ʗ��z{����^��9��3�ޛߖ��n�k��i�;��o��w����{�|�*^���i�u�M|��슉��M���(�����i���z����j��(��r��?�朷���朷�z�n-�6�}�4ן=���i��׾9߭y��uݷ�W|��R8ԭ����/z�"�}<ⷬ�[�vm�����"���ɪ�H�o�H�R������%#�J��jo��`��z�_{�����}:�]�o���{�����uשzw^�Ȟ�;(�����4��k��!